
Microsoft Visual Studio Solution File, Format Version 12.00
Project("{FAE04EC0-301F-11D3-BF4B-00C04F79EFBC}") = "Reactor", "Reactor\Reactor.csproj", "{A2D50BB9-8123-4132-8D3A-EDDE7D8B2B1D}"
EndProject
Project("{2150E333-8FDC-42A3-9474-1A3956D46DE8}") = "Performance", "Performance", "{A2AA0E25-3BCB-417D-A2EF-7ADE0AAC55AE}"
EndProject
Project("{FAE04EC0-301F-11D3-BF4B-00C04F79EFBC}") = "ReactorPerformanceTests", "ReactorPerformanceTests\ReactorPerformanceTests.csproj", "{C5E08778-427A-44F3-B43F-F19400C0D999}"
EndProject
Project("{FAE04EC0-301F-11D3-BF4B-00C04F79EFBC}") = "EcsRxPerformanceTests", "EcsRxPerformanceTests\EcsRxPerformanceTests.csproj", "{7554D837-39B4-4032-8795-01AEDB253E15}"
EndProject
Project("{2150E333-8FDC-42A3-9474-1A3956D46DE8}") = "Libs", "Libs", "{561A59F1-E676-4DBA-84FE-CB6F312B2DD1}"
EndProject
Project("{FAE04EC0-301F-11D3-BF4B-00C04F79EFBC}") = "EcsRx", "EcsRx\EcsRx.csproj", "{D88252B1-B63C-4A34-8117-79BA4E121FEA}"
EndProject
Project("{FAE04EC0-301F-11D3-BF4B-00C04F79EFBC}") = "EcsRx.Systems", "EcsRx.Systems\EcsRx.Systems.csproj", "{3F9C2EB2-1F1F-4C58-9115-23713FE20362}"
EndProject
Global
	GlobalSection(SolutionConfigurationPlatforms) = preSolution
		Debug|Any CPU = Debug|Any CPU
		Release|Any CPU = Release|Any CPU
	EndGlobalSection
	GlobalSection(ProjectConfigurationPlatforms) = postSolution
		{A2D50BB9-8123-4132-8D3A-EDDE7D8B2B1D}.Debug|Any CPU.ActiveCfg = Debug|Any CPU
		{A2D50BB9-8123-4132-8D3A-EDDE7D8B2B1D}.Debug|Any CPU.Build.0 = Debug|Any CPU
		{A2D50BB9-8123-4132-8D3A-EDDE7D8B2B1D}.Release|Any CPU.ActiveCfg = Release|Any CPU
		{A2D50BB9-8123-4132-8D3A-EDDE7D8B2B1D}.Release|Any CPU.Build.0 = Release|Any CPU
		{C5E08778-427A-44F3-B43F-F19400C0D999}.Debug|Any CPU.ActiveCfg = Debug|Any CPU
		{C5E08778-427A-44F3-B43F-F19400C0D999}.Debug|Any CPU.Build.0 = Debug|Any CPU
		{C5E08778-427A-44F3-B43F-F19400C0D999}.Release|Any CPU.ActiveCfg = Release|Any CPU
		{C5E08778-427A-44F3-B43F-F19400C0D999}.Release|Any CPU.Build.0 = Release|Any CPU
		{7554D837-39B4-4032-8795-01AEDB253E15}.Debug|Any CPU.ActiveCfg = Debug|Any CPU
		{7554D837-39B4-4032-8795-01AEDB253E15}.Debug|Any CPU.Build.0 = Debug|Any CPU
		{7554D837-39B4-4032-8795-01AEDB253E15}.Release|Any CPU.ActiveCfg = Release|Any CPU
		{7554D837-39B4-4032-8795-01AEDB253E15}.Release|Any CPU.Build.0 = Release|Any CPU
		{D88252B1-B63C-4A34-8117-79BA4E121FEA}.Debug|Any CPU.ActiveCfg = Debug|Any CPU
		{D88252B1-B63C-4A34-8117-79BA4E121FEA}.Debug|Any CPU.Build.0 = Debug|Any CPU
		{D88252B1-B63C-4A34-8117-79BA4E121FEA}.Release|Any CPU.ActiveCfg = Release|Any CPU
		{D88252B1-B63C-4A34-8117-79BA4E121FEA}.Release|Any CPU.Build.0 = Release|Any CPU
		{3F9C2EB2-1F1F-4C58-9115-23713FE20362}.Debug|Any CPU.ActiveCfg = Debug|Any CPU
		{3F9C2EB2-1F1F-4C58-9115-23713FE20362}.Debug|Any CPU.Build.0 = Debug|Any CPU
		{3F9C2EB2-1F1F-4C58-9115-23713FE20362}.Release|Any CPU.ActiveCfg = Release|Any CPU
		{3F9C2EB2-1F1F-4C58-9115-23713FE20362}.Release|Any CPU.Build.0 = Release|Any CPU
	EndGlobalSection
	GlobalSection(NestedProjects) = preSolution
		{C5E08778-427A-44F3-B43F-F19400C0D999} = {A2AA0E25-3BCB-417D-A2EF-7ADE0AAC55AE}
		{7554D837-39B4-4032-8795-01AEDB253E15} = {A2AA0E25-3BCB-417D-A2EF-7ADE0AAC55AE}
		{A2D50BB9-8123-4132-8D3A-EDDE7D8B2B1D} = {561A59F1-E676-4DBA-84FE-CB6F312B2DD1}
		{D88252B1-B63C-4A34-8117-79BA4E121FEA} = {561A59F1-E676-4DBA-84FE-CB6F312B2DD1}
		{3F9C2EB2-1F1F-4C58-9115-23713FE20362} = {561A59F1-E676-4DBA-84FE-CB6F312B2DD1}
	EndGlobalSection
EndGlobal
